
Microsoft Visual Studio Solution File, Format Version 12.00
# Visual Studio Version 16
VisualStudioVersion = 16.0.808.8
MinimumVisualStudioVersion = 10.0.40219.1
Project("{FAE04EC0-301F-11D3-BF4B-00C04F79EFBC}") = "DesignPattern", "DesignPattern\DesignPattern.csproj", "{0AB494D2-4491-4744-9C6A-C63DBD2CB583}"
EndProject
Project("{2150E333-8FDC-42A3-9474-1A3956D46DE8}") = "Patterns", "Patterns", "{9E689E0D-A1D7-466A-A875-7C5E7F533E8A}"
EndProject
Project("{FAE04EC0-301F-11D3-BF4B-00C04F79EFBC}") = "AbstractFactory", "AbstractFactory\AbstractFactory.csproj", "{90059345-9D67-4585-9075-71C6FF23DD9A}"
EndProject
Project("{FAE04EC0-301F-11D3-BF4B-00C04F79EFBC}") = "Builder", "Builder\Builder.csproj", "{414DBD6C-4D15-41C0-A6D9-874C1CBB582D}"
EndProject
Project("{FAE04EC0-301F-11D3-BF4B-00C04F79EFBC}") = "FactoryMethod", "FactoryMethod\FactoryMethod.csproj", "{21958AF1-183A-4320-94AC-57BA5CBE7A06}"
EndProject
Project("{FAE04EC0-301F-11D3-BF4B-00C04F79EFBC}") = "Prototype", "Prototype\Prototype.csproj", "{42B536C5-269D-491F-B4C7-F4372DE0C986}"
EndProject
Project("{FAE04EC0-301F-11D3-BF4B-00C04F79EFBC}") = "Singleton", "Singleton\Singleton.csproj", "{A9B805D0-DA9E-4BB4-8031-6924E674E5D9}"
EndProject
Project("{FAE04EC0-301F-11D3-BF4B-00C04F79EFBC}") = "Adapter", "Adapter\Adapter.csproj", "{A28FDB35-8AFF-46C0-B348-2EC7EAE50F09}"
EndProject
Project("{FAE04EC0-301F-11D3-BF4B-00C04F79EFBC}") = "Brigde", "Brigde\Brigde.csproj", "{46C34D57-CDA1-4896-BF91-DFA1B3FEA6D6}"
EndProject
Project("{2150E333-8FDC-42A3-9474-1A3956D46DE8}") = "Creational", "Creational", "{F4D95438-E501-4936-A997-F8E8A6B25006}"
EndProject
Project("{2150E333-8FDC-42A3-9474-1A3956D46DE8}") = "Structural", "Structural", "{96B31CF1-0C32-42EB-93BC-02FB6C44583A}"
EndProject
Project("{2150E333-8FDC-42A3-9474-1A3956D46DE8}") = "Behavioral", "Behavioral", "{27F393C6-FC42-470D-A263-21EBF9F15134}"
EndProject
Project("{FAE04EC0-301F-11D3-BF4B-00C04F79EFBC}") = "Composite", "Composite\Composite.csproj", "{B38A8916-ACBE-4765-A45D-580090CE0092}"
EndProject
Project("{FAE04EC0-301F-11D3-BF4B-00C04F79EFBC}") = "Decorator", "Decorator\Decorator.csproj", "{82D98654-22A6-40E6-92E0-ACC98DB65D9B}"
EndProject
Project("{FAE04EC0-301F-11D3-BF4B-00C04F79EFBC}") = "Facade", "Facade\Facade.csproj", "{CE2F6809-2757-4F75-A3B6-D53D63649AA0}"
EndProject
Project("{FAE04EC0-301F-11D3-BF4B-00C04F79EFBC}") = "FlyWeight", "FlyWeight\FlyWeight.csproj", "{067418C4-D626-4B19-9A5C-51C276461078}"
EndProject
Project("{FAE04EC0-301F-11D3-BF4B-00C04F79EFBC}") = "Proxy", "Proxy\Proxy.csproj", "{7239EB79-44F0-4BF1-8B92-E0DBEC1CE3A2}"
EndProject
Project("{FAE04EC0-301F-11D3-BF4B-00C04F79EFBC}") = "ChainOfResponsibility", "ChainOfResponsibility\ChainOfResponsibility.csproj", "{03CF7E34-7C10-4C70-8473-ED104DBD00E8}"
EndProject
Project("{FAE04EC0-301F-11D3-BF4B-00C04F79EFBC}") = "Command", "Command\Command.csproj", "{AA088820-76D4-4ED4-9E40-3A4571EDBA8B}"
EndProject
Project("{FAE04EC0-301F-11D3-BF4B-00C04F79EFBC}") = "Interpreter", "Interpreter\Interpreter.csproj", "{78875C9C-6D6E-4ED8-BD86-B96503671472}"
EndProject
Project("{FAE04EC0-301F-11D3-BF4B-00C04F79EFBC}") = "Iterator", "Iterator\Iterator.csproj", "{CA22FB0C-719D-472C-AB1B-1D6DABA030EA}"
EndProject
Project("{FAE04EC0-301F-11D3-BF4B-00C04F79EFBC}") = "Mediator", "Mediator\Mediator.csproj", "{8609DFCB-E0B7-425C-A7DF-A8DDA1152BB8}"
EndProject
Project("{FAE04EC0-301F-11D3-BF4B-00C04F79EFBC}") = "Memento", "Memento\Memento.csproj", "{166F57D2-501A-4031-BF87-354FEFAED5D8}"
EndProject
Project("{FAE04EC0-301F-11D3-BF4B-00C04F79EFBC}") = "Observer", "Observer\Observer.csproj", "{A1FC9E6D-3578-4426-A7C5-1E4218AE3D37}"
EndProject
Project("{FAE04EC0-301F-11D3-BF4B-00C04F79EFBC}") = "State", "State\State.csproj", "{3A09AD61-B52F-4E70-9B5E-F14E8CA8017C}"
EndProject
Project("{FAE04EC0-301F-11D3-BF4B-00C04F79EFBC}") = "Strategy", "Strategy\Strategy.csproj", "{36F18632-5F36-463B-B421-48F318F3DF84}"
EndProject
Project("{FAE04EC0-301F-11D3-BF4B-00C04F79EFBC}") = "Template", "Template\Template.csproj", "{69822247-5179-4A5C-A48F-55AA5856EA18}"
EndProject
Project("{FAE04EC0-301F-11D3-BF4B-00C04F79EFBC}") = "Visitor", "Visitor\Visitor.csproj", "{9A2F878D-E439-4B8D-8D81-71BF4F182EC9}"
EndProject
Global
	GlobalSection(SolutionConfigurationPlatforms) = preSolution
		Debug|Any CPU = Debug|Any CPU
		Release|Any CPU = Release|Any CPU
	EndGlobalSection
	GlobalSection(ProjectConfigurationPlatforms) = postSolution
		{0AB494D2-4491-4744-9C6A-C63DBD2CB583}.Debug|Any CPU.ActiveCfg = Debug|Any CPU
		{0AB494D2-4491-4744-9C6A-C63DBD2CB583}.Debug|Any CPU.Build.0 = Debug|Any CPU
		{0AB494D2-4491-4744-9C6A-C63DBD2CB583}.Release|Any CPU.ActiveCfg = Release|Any CPU
		{0AB494D2-4491-4744-9C6A-C63DBD2CB583}.Release|Any CPU.Build.0 = Release|Any CPU
		{90059345-9D67-4585-9075-71C6FF23DD9A}.Debug|Any CPU.ActiveCfg = Debug|Any CPU
		{90059345-9D67-4585-9075-71C6FF23DD9A}.Debug|Any CPU.Build.0 = Debug|Any CPU
		{90059345-9D67-4585-9075-71C6FF23DD9A}.Release|Any CPU.ActiveCfg = Release|Any CPU
		{90059345-9D67-4585-9075-71C6FF23DD9A}.Release|Any CPU.Build.0 = Release|Any CPU
		{414DBD6C-4D15-41C0-A6D9-874C1CBB582D}.Debug|Any CPU.ActiveCfg = Debug|Any CPU
		{414DBD6C-4D15-41C0-A6D9-874C1CBB582D}.Debug|Any CPU.Build.0 = Debug|Any CPU
		{414DBD6C-4D15-41C0-A6D9-874C1CBB582D}.Release|Any CPU.ActiveCfg = Release|Any CPU
		{414DBD6C-4D15-41C0-A6D9-874C1CBB582D}.Release|Any CPU.Build.0 = Release|Any CPU
		{21958AF1-183A-4320-94AC-57BA5CBE7A06}.Debug|Any CPU.ActiveCfg = Debug|Any CPU
		{21958AF1-183A-4320-94AC-57BA5CBE7A06}.Debug|Any CPU.Build.0 = Debug|Any CPU
		{21958AF1-183A-4320-94AC-57BA5CBE7A06}.Release|Any CPU.ActiveCfg = Release|Any CPU
		{21958AF1-183A-4320-94AC-57BA5CBE7A06}.Release|Any CPU.Build.0 = Release|Any CPU
		{42B536C5-269D-491F-B4C7-F4372DE0C986}.Debug|Any CPU.ActiveCfg = Debug|Any CPU
		{42B536C5-269D-491F-B4C7-F4372DE0C986}.Debug|Any CPU.Build.0 = Debug|Any CPU
		{42B536C5-269D-491F-B4C7-F4372DE0C986}.Release|Any CPU.ActiveCfg = Release|Any CPU
		{42B536C5-269D-491F-B4C7-F4372DE0C986}.Release|Any CPU.Build.0 = Release|Any CPU
		{A9B805D0-DA9E-4BB4-8031-6924E674E5D9}.Debug|Any CPU.ActiveCfg = Debug|Any CPU
		{A9B805D0-DA9E-4BB4-8031-6924E674E5D9}.Debug|Any CPU.Build.0 = Debug|Any CPU
		{A9B805D0-DA9E-4BB4-8031-6924E674E5D9}.Release|Any CPU.ActiveCfg = Release|Any CPU
		{A9B805D0-DA9E-4BB4-8031-6924E674E5D9}.Release|Any CPU.Build.0 = Release|Any CPU
		{A28FDB35-8AFF-46C0-B348-2EC7EAE50F09}.Debug|Any CPU.ActiveCfg = Debug|Any CPU
		{A28FDB35-8AFF-46C0-B348-2EC7EAE50F09}.Debug|Any CPU.Build.0 = Debug|Any CPU
		{A28FDB35-8AFF-46C0-B348-2EC7EAE50F09}.Release|Any CPU.ActiveCfg = Release|Any CPU
		{A28FDB35-8AFF-46C0-B348-2EC7EAE50F09}.Release|Any CPU.Build.0 = Release|Any CPU
		{46C34D57-CDA1-4896-BF91-DFA1B3FEA6D6}.Debug|Any CPU.ActiveCfg = Debug|Any CPU
		{46C34D57-CDA1-4896-BF91-DFA1B3FEA6D6}.Debug|Any CPU.Build.0 = Debug|Any CPU
		{46C34D57-CDA1-4896-BF91-DFA1B3FEA6D6}.Release|Any CPU.ActiveCfg = Release|Any CPU
		{46C34D57-CDA1-4896-BF91-DFA1B3FEA6D6}.Release|Any CPU.Build.0 = Release|Any CPU
		{B38A8916-ACBE-4765-A45D-580090CE0092}.Debug|Any CPU.ActiveCfg = Debug|Any CPU
		{B38A8916-ACBE-4765-A45D-580090CE0092}.Debug|Any CPU.Build.0 = Debug|Any CPU
		{B38A8916-ACBE-4765-A45D-580090CE0092}.Release|Any CPU.ActiveCfg = Release|Any CPU
		{B38A8916-ACBE-4765-A45D-580090CE0092}.Release|Any CPU.Build.0 = Release|Any CPU
		{82D98654-22A6-40E6-92E0-ACC98DB65D9B}.Debug|Any CPU.ActiveCfg = Debug|Any CPU
		{82D98654-22A6-40E6-92E0-ACC98DB65D9B}.Debug|Any CPU.Build.0 = Debug|Any CPU
		{82D98654-22A6-40E6-92E0-ACC98DB65D9B}.Release|Any CPU.ActiveCfg = Release|Any CPU
		{82D98654-22A6-40E6-92E0-ACC98DB65D9B}.Release|Any CPU.Build.0 = Release|Any CPU
		{CE2F6809-2757-4F75-A3B6-D53D63649AA0}.Debug|Any CPU.ActiveCfg = Debug|Any CPU
		{CE2F6809-2757-4F75-A3B6-D53D63649AA0}.Debug|Any CPU.Build.0 = Debug|Any CPU
		{CE2F6809-2757-4F75-A3B6-D53D63649AA0}.Release|Any CPU.ActiveCfg = Release|Any CPU
		{CE2F6809-2757-4F75-A3B6-D53D63649AA0}.Release|Any CPU.Build.0 = Release|Any CPU
		{067418C4-D626-4B19-9A5C-51C276461078}.Debug|Any CPU.ActiveCfg = Debug|Any CPU
		{067418C4-D626-4B19-9A5C-51C276461078}.Debug|Any CPU.Build.0 = Debug|Any CPU
		{067418C4-D626-4B19-9A5C-51C276461078}.Release|Any CPU.ActiveCfg = Release|Any CPU
		{067418C4-D626-4B19-9A5C-51C276461078}.Release|Any CPU.Build.0 = Release|Any CPU
		{7239EB79-44F0-4BF1-8B92-E0DBEC1CE3A2}.Debug|Any CPU.ActiveCfg = Debug|Any CPU
		{7239EB79-44F0-4BF1-8B92-E0DBEC1CE3A2}.Debug|Any CPU.Build.0 = Debug|Any CPU
		{7239EB79-44F0-4BF1-8B92-E0DBEC1CE3A2}.Release|Any CPU.ActiveCfg = Release|Any CPU
		{7239EB79-44F0-4BF1-8B92-E0DBEC1CE3A2}.Release|Any CPU.Build.0 = Release|Any CPU
		{03CF7E34-7C10-4C70-8473-ED104DBD00E8}.Debug|Any CPU.ActiveCfg = Debug|Any CPU
		{03CF7E34-7C10-4C70-8473-ED104DBD00E8}.Debug|Any CPU.Build.0 = Debug|Any CPU
		{03CF7E34-7C10-4C70-8473-ED104DBD00E8}.Release|Any CPU.ActiveCfg = Release|Any CPU
		{03CF7E34-7C10-4C70-8473-ED104DBD00E8}.Release|Any CPU.Build.0 = Release|Any CPU
		{AA088820-76D4-4ED4-9E40-3A4571EDBA8B}.Debug|Any CPU.ActiveCfg = Debug|Any CPU
		{AA088820-76D4-4ED4-9E40-3A4571EDBA8B}.Debug|Any CPU.Build.0 = Debug|Any CPU
		{AA088820-76D4-4ED4-9E40-3A4571EDBA8B}.Release|Any CPU.ActiveCfg = Release|Any CPU
		{AA088820-76D4-4ED4-9E40-3A4571EDBA8B}.Release|Any CPU.Build.0 = Release|Any CPU
		{78875C9C-6D6E-4ED8-BD86-B96503671472}.Debug|Any CPU.ActiveCfg = Debug|Any CPU
		{78875C9C-6D6E-4ED8-BD86-B96503671472}.Debug|Any CPU.Build.0 = Debug|Any CPU
		{78875C9C-6D6E-4ED8-BD86-B96503671472}.Release|Any CPU.ActiveCfg = Release|Any CPU
		{78875C9C-6D6E-4ED8-BD86-B96503671472}.Release|Any CPU.Build.0 = Release|Any CPU
		{CA22FB0C-719D-472C-AB1B-1D6DABA030EA}.Debug|Any CPU.ActiveCfg = Debug|Any CPU
		{CA22FB0C-719D-472C-AB1B-1D6DABA030EA}.Debug|Any CPU.Build.0 = Debug|Any CPU
		{CA22FB0C-719D-472C-AB1B-1D6DABA030EA}.Release|Any CPU.ActiveCfg = Release|Any CPU
		{CA22FB0C-719D-472C-AB1B-1D6DABA030EA}.Release|Any CPU.Build.0 = Release|Any CPU
		{8609DFCB-E0B7-425C-A7DF-A8DDA1152BB8}.Debug|Any CPU.ActiveCfg = Debug|Any CPU
		{8609DFCB-E0B7-425C-A7DF-A8DDA1152BB8}.Debug|Any CPU.Build.0 = Debug|Any CPU
		{8609DFCB-E0B7-425C-A7DF-A8DDA1152BB8}.Release|Any CPU.ActiveCfg = Release|Any CPU
		{8609DFCB-E0B7-425C-A7DF-A8DDA1152BB8}.Release|Any CPU.Build.0 = Release|Any CPU
		{166F57D2-501A-4031-BF87-354FEFAED5D8}.Debug|Any CPU.ActiveCfg = Debug|Any CPU
		{166F57D2-501A-4031-BF87-354FEFAED5D8}.Debug|Any CPU.Build.0 = Debug|Any CPU
		{166F57D2-501A-4031-BF87-354FEFAED5D8}.Release|Any CPU.ActiveCfg = Release|Any CPU
		{166F57D2-501A-4031-BF87-354FEFAED5D8}.Release|Any CPU.Build.0 = Release|Any CPU
		{A1FC9E6D-3578-4426-A7C5-1E4218AE3D37}.Debug|Any CPU.ActiveCfg = Debug|Any CPU
		{A1FC9E6D-3578-4426-A7C5-1E4218AE3D37}.Debug|Any CPU.Build.0 = Debug|Any CPU
		{A1FC9E6D-3578-4426-A7C5-1E4218AE3D37}.Release|Any CPU.ActiveCfg = Release|Any CPU
		{A1FC9E6D-3578-4426-A7C5-1E4218AE3D37}.Release|Any CPU.Build.0 = Release|Any CPU
		{3A09AD61-B52F-4E70-9B5E-F14E8CA8017C}.Debug|Any CPU.ActiveCfg = Debug|Any CPU
		{3A09AD61-B52F-4E70-9B5E-F14E8CA8017C}.Debug|Any CPU.Build.0 = Debug|Any CPU
		{3A09AD61-B52F-4E70-9B5E-F14E8CA8017C}.Release|Any CPU.ActiveCfg = Release|Any CPU
		{3A09AD61-B52F-4E70-9B5E-F14E8CA8017C}.Release|Any CPU.Build.0 = Release|Any CPU
		{36F18632-5F36-463B-B421-48F318F3DF84}.Debug|Any CPU.ActiveCfg = Debug|Any CPU
		{36F18632-5F36-463B-B421-48F318F3DF84}.Debug|Any CPU.Build.0 = Debug|Any CPU
		{36F18632-5F36-463B-B421-48F318F3DF84}.Release|Any CPU.ActiveCfg = Release|Any CPU
		{36F18632-5F36-463B-B421-48F318F3DF84}.Release|Any CPU.Build.0 = Release|Any CPU
		{69822247-5179-4A5C-A48F-55AA5856EA18}.Debug|Any CPU.ActiveCfg = Debug|Any CPU
		{69822247-5179-4A5C-A48F-55AA5856EA18}.Debug|Any CPU.Build.0 = Debug|Any CPU
		{69822247-5179-4A5C-A48F-55AA5856EA18}.Release|Any CPU.ActiveCfg = Release|Any CPU
		{69822247-5179-4A5C-A48F-55AA5856EA18}.Release|Any CPU.Build.0 = Release|Any CPU
		{9A2F878D-E439-4B8D-8D81-71BF4F182EC9}.Debug|Any CPU.ActiveCfg = Debug|Any CPU
		{9A2F878D-E439-4B8D-8D81-71BF4F182EC9}.Debug|Any CPU.Build.0 = Debug|Any CPU
		{9A2F878D-E439-4B8D-8D81-71BF4F182EC9}.Release|Any CPU.ActiveCfg = Release|Any CPU
		{9A2F878D-E439-4B8D-8D81-71BF4F182EC9}.Release|Any CPU.Build.0 = Release|Any CPU
	EndGlobalSection
	GlobalSection(SolutionProperties) = preSolution
		HideSolutionNode = FALSE
	EndGlobalSection
	GlobalSection(ExtensibilityGlobals) = postSolution
		SolutionGuid = {898BAA8A-F0B4-45B1-9C1A-620C95BB4310}
	EndGlobalSection
	GlobalSection(NestedProjects) = preSolution
		{90059345-9D67-4585-9075-71C6FF23DD9A} = {F4D95438-E501-4936-A997-F8E8A6B25006}
		{414DBD6C-4D15-41C0-A6D9-874C1CBB582D} = {F4D95438-E501-4936-A997-F8E8A6B25006}
		{21958AF1-183A-4320-94AC-57BA5CBE7A06} = {F4D95438-E501-4936-A997-F8E8A6B25006}
		{42B536C5-269D-491F-B4C7-F4372DE0C986} = {F4D95438-E501-4936-A997-F8E8A6B25006}
		{A9B805D0-DA9E-4BB4-8031-6924E674E5D9} = {F4D95438-E501-4936-A997-F8E8A6B25006}
		{A28FDB35-8AFF-46C0-B348-2EC7EAE50F09} = {96B31CF1-0C32-42EB-93BC-02FB6C44583A}
		{46C34D57-CDA1-4896-BF91-DFA1B3FEA6D6} = {96B31CF1-0C32-42EB-93BC-02FB6C44583A}
		{F4D95438-E501-4936-A997-F8E8A6B25006} = {9E689E0D-A1D7-466A-A875-7C5E7F533E8A}
		{96B31CF1-0C32-42EB-93BC-02FB6C44583A} = {9E689E0D-A1D7-466A-A875-7C5E7F533E8A}
		{27F393C6-FC42-470D-A263-21EBF9F15134} = {9E689E0D-A1D7-466A-A875-7C5E7F533E8A}
		{B38A8916-ACBE-4765-A45D-580090CE0092} = {96B31CF1-0C32-42EB-93BC-02FB6C44583A}
		{82D98654-22A6-40E6-92E0-ACC98DB65D9B} = {96B31CF1-0C32-42EB-93BC-02FB6C44583A}
		{CE2F6809-2757-4F75-A3B6-D53D63649AA0} = {96B31CF1-0C32-42EB-93BC-02FB6C44583A}
		{067418C4-D626-4B19-9A5C-51C276461078} = {96B31CF1-0C32-42EB-93BC-02FB6C44583A}
		{7239EB79-44F0-4BF1-8B92-E0DBEC1CE3A2} = {96B31CF1-0C32-42EB-93BC-02FB6C44583A}
		{03CF7E34-7C10-4C70-8473-ED104DBD00E8} = {27F393C6-FC42-470D-A263-21EBF9F15134}
		{AA088820-76D4-4ED4-9E40-3A4571EDBA8B} = {27F393C6-FC42-470D-A263-21EBF9F15134}
		{78875C9C-6D6E-4ED8-BD86-B96503671472} = {27F393C6-FC42-470D-A263-21EBF9F15134}
		{CA22FB0C-719D-472C-AB1B-1D6DABA030EA} = {27F393C6-FC42-470D-A263-21EBF9F15134}
		{8609DFCB-E0B7-425C-A7DF-A8DDA1152BB8} = {27F393C6-FC42-470D-A263-21EBF9F15134}
		{166F57D2-501A-4031-BF87-354FEFAED5D8} = {27F393C6-FC42-470D-A263-21EBF9F15134}
		{A1FC9E6D-3578-4426-A7C5-1E4218AE3D37} = {27F393C6-FC42-470D-A263-21EBF9F15134}
		{3A09AD61-B52F-4E70-9B5E-F14E8CA8017C} = {27F393C6-FC42-470D-A263-21EBF9F15134}
		{36F18632-5F36-463B-B421-48F318F3DF84} = {27F393C6-FC42-470D-A263-21EBF9F15134}
		{69822247-5179-4A5C-A48F-55AA5856EA18} = {27F393C6-FC42-470D-A263-21EBF9F15134}
		{9A2F878D-E439-4B8D-8D81-71BF4F182EC9} = {27F393C6-FC42-470D-A263-21EBF9F15134}
	EndGlobalSection
EndGlobal
